
Microsoft Visual Studio Solution File, Format Version 12.00
# Visual Studio Version 17
VisualStudioVersion = 17.3.32825.248
MinimumVisualStudioVersion = 10.0.40219.1
Project("{9A19103F-16F7-4668-BE54-9A1E7A4F7556}") = "InvoiceApi", "InvoiceApi\InvoiceApi.csproj", "{6284735E-EFBF-4861-AE4C-89566F57ECA4}"
EndProject
Project("{FAE04EC0-301F-11D3-BF4B-00C04F79EFBC}") = "RabbitMQConsoleApp", "RabbitMQConsoleApp\RabbitMQConsoleApp.csproj", "{F574E730-8195-4ABD-9DFA-801E17AC5EA3}"
EndProject
Global
	GlobalSection(SolutionConfigurationPlatforms) = preSolution
		Debug|Any CPU = Debug|Any CPU
		Release|Any CPU = Release|Any CPU
	EndGlobalSection
	GlobalSection(ProjectConfigurationPlatforms) = postSolution
		{6284735E-EFBF-4861-AE4C-89566F57ECA4}.Debug|Any CPU.ActiveCfg = Debug|Any CPU
		{6284735E-EFBF-4861-AE4C-89566F57ECA4}.Debug|Any CPU.Build.0 = Debug|Any CPU
		{6284735E-EFBF-4861-AE4C-89566F57ECA4}.Release|Any CPU.ActiveCfg = Release|Any CPU
		{6284735E-EFBF-4861-AE4C-89566F57ECA4}.Release|Any CPU.Build.0 = Release|Any CPU
		{F574E730-8195-4ABD-9DFA-801E17AC5EA3}.Debug|Any CPU.ActiveCfg = Debug|Any CPU
		{F574E730-8195-4ABD-9DFA-801E17AC5EA3}.Debug|Any CPU.Build.0 = Debug|Any CPU
		{F574E730-8195-4ABD-9DFA-801E17AC5EA3}.Release|Any CPU.ActiveCfg = Release|Any CPU
		{F574E730-8195-4ABD-9DFA-801E17AC5EA3}.Release|Any CPU.Build.0 = Release|Any CPU
	EndGlobalSection
	GlobalSection(SolutionProperties) = preSolution
		HideSolutionNode = FALSE
	EndGlobalSection
	GlobalSection(ExtensibilityGlobals) = postSolution
		SolutionGuid = {D10591F0-E02C-404E-B46B-0622F4F3780A}
	EndGlobalSection
EndGlobal
